
Microsoft Visual Studio Solution File, Format Version 12.00
# Visual Studio Version 17
VisualStudioVersion = 17.3.32922.545
MinimumVisualStudioVersion = 10.0.40219.1
Project("{FAE04EC0-301F-11D3-BF4B-00C04F79EFBC}") = "Application", "Application\Application.csproj", "{524F5BF3-803D-4639-8DA9-D483D5405750}"
EndProject
Global
	GlobalSection(SolutionConfigurationPlatforms) = preSolution
		Debug|Any CPU = Debug|Any CPU
		Release|Any CPU = Release|Any CPU
	EndGlobalSection
	GlobalSection(ProjectConfigurationPlatforms) = postSolution
		{524F5BF3-803D-4639-8DA9-D483D5405750}.Debug|Any CPU.ActiveCfg = Debug|Any CPU
		{524F5BF3-803D-4639-8DA9-D483D5405750}.Debug|Any CPU.Build.0 = Debug|Any CPU
		{524F5BF3-803D-4639-8DA9-D483D5405750}.Release|Any CPU.ActiveCfg = Release|Any CPU
		{524F5BF3-803D-4639-8DA9-D483D5405750}.Release|Any CPU.Build.0 = Release|Any CPU
	EndGlobalSection
	GlobalSection(SolutionProperties) = preSolution
		HideSolutionNode = FALSE
	EndGlobalSection
	GlobalSection(ExtensibilityGlobals) = postSolution
		SolutionGuid = {928ECDC6-6375-4359-BA16-4370E2F7422A}
	EndGlobalSection
EndGlobal
